// !$*UTF8*$!
{
	archiveVersion = 1;
	classes = {
	};
	objectVersion = 50;
	objects = {

/* Begin PBXBuildFile section */
		40C9D7C720A1D141006F30FF /* AppDelegate.swift in Sources */ = {isa = PBXBuildFile; fileRef = 40C9D7C620A1D141006F30FF /* AppDelegate.swift */; };
		40C9D7C920A1D141006F30FF /* ViewController.swift in Sources */ = {isa = PBXBuildFile; fileRef = 40C9D7C820A1D141006F30FF /* ViewController.swift */; };
		40C9D7CC20A1D141006F30FF /* Main.storyboard in Resources */ = {isa = PBXBuildFile; fileRef = 40C9D7CA20A1D141006F30FF /* Main.storyboard */; };
		40C9D7CF20A1D141006F30FF /* CarBooking.xcdatamodeld in Sources */ = {isa = PBXBuildFile; fileRef = 40C9D7CD20A1D141006F30FF /* CarBooking.xcdatamodeld */; };
		40C9D7D120A1D141006F30FF /* Assets.xcassets in Resources */ = {isa = PBXBuildFile; fileRef = 40C9D7D020A1D141006F30FF /* Assets.xcassets */; };
		40C9D7D420A1D141006F30FF /* LaunchScreen.storyboard in Resources */ = {isa = PBXBuildFile; fileRef = 40C9D7D220A1D141006F30FF /* LaunchScreen.storyboard */; };
/* End PBXBuildFile section */

/* Begin PBXFileReference section */
		40C9D7C320A1D141006F30FF /* CarBooking.app */ = {isa = PBXFileReference; explicitFileType = wrapper.application; includeInIndex = 0; path = CarBooking.app; sourceTree = BUILT_PRODUCTS_DIR; };
		40C9D7C620A1D141006F30FF /* AppDelegate.swift */ = {isa = PBXFileReference; lastKnownFileType = sourcecode.swift; path = AppDelegate.swift; sourceTree = "<group>"; };
		40C9D7C820A1D141006F30FF /* ViewController.swift */ = {isa = PBXFileReference; lastKnownFileType = sourcecode.swift; path = ViewController.swift; sourceTree = "<group>"; };
		40C9D7CB20A1D141006F30FF /* Base */ = {isa = PBXFileReference; lastKnownFileType = file.storyboard; name = Base; path = Base.lproj/Main.storyboard; sourceTree = "<group>"; };
		40C9D7CE20A1D141006F30FF /* CarBooking.xcdatamodel */ = {isa = PBXFileReference; lastKnownFileType = wrapper.xcdatamodel; path = CarBooking.xcdatamodel; sourceTree = "<group>"; };
		40C9D7D020A1D141006F30FF /* Assets.xcassets */ = {isa = PBXFileReference; lastKnownFileType = folder.assetcatalog; path = Assets.xcassets; sourceTree = "<group>"; };
		40C9D7D320A1D141006F30FF /* Base */ = {isa = PBXFileReference; lastKnownFileType = file.storyboard; name = Base; path = Base.lproj/LaunchScreen.storyboard; sourceTree = "<group>"; };
		40C9D7D520A1D141006F30FF /* Info.plist */ = {isa = PBXFileReference; lastKnownFileType = text.plist.xml; path = Info.plist; sourceTree = "<group>"; };
/* End PBXFileReference section */

/* Begin PBXFrameworksBuildPhase section */
		40C9D7C020A1D141006F30FF /* Frameworks */ = {
			isa = PBXFrameworksBuildPhase;
			buildActionMask = 2147483647;
			files = (
			);
			runOnlyForDeploymentPostprocessing = 0;
		};
/* End PBXFrameworksBuildPhase section */

/* Begin PBXGroup section */
		40C9D7BA20A1D141006F30FF = {
			isa = PBXGroup;
			children = (
				40C9D7C520A1D141006F30FF /* CarBooking */,
				40C9D7C420A1D141006F30FF /* Products */,
			);
			sourceTree = "<group>";
		};
		40C9D7C420A1D141006F30FF /* Products */ = {
			isa = PBXGroup;
			children = (
				40C9D7C320A1D141006F30FF /* CarBooking.app */,
			);
			name = Products;
			sourceTree = "<group>";
		};
		40C9D7C520A1D141006F30FF /* CarBooking */ = {
			isa = PBXGroup;
			children = (
				40C9D7C620A1D141006F30FF /* AppDelegate.swift */,
				40C9D7C820A1D141006F30FF /* ViewController.swift */,
				40C9D7CA20A1D141006F30FF /* Main.storyboard */,
				40C9D7D020A1D141006F30FF /* Assets.xcassets */,
				40C9D7D220A1D141006F30FF /* LaunchScreen.storyboard */,
				40C9D7D520A1D141006F30FF /* Info.plist */,
				40C9D7CD20A1D141006F30FF /* CarBooking.xcdatamodeld */,
			);
			path = CarBooking;
			sourceTree = "<group>";
		};
/* End PBXGroup section */

/* Begin PBXNativeTarget section */
		40C9D7C220A1D141006F30FF /* CarBooking */ = {
			isa = PBXNativeTarget;
			buildConfigurationList = 40C9D7D820A1D141006F30FF /* Build configuration list for PBXNativeTarget "CarBooking" */;
			buildPhases = (
				40C9D7BF20A1D141006F30FF /* Sources */,
				40C9D7C020A1D141006F30FF /* Frameworks */,
				40C9D7C120A1D141006F30FF /* Resources */,
			);
			buildRules = (
			);
			dependencies = (
			);
			name = CarBooking;
			productName = CarBooking;
			productReference = 40C9D7C320A1D141006F30FF /* CarBooking.app */;
			productType = "com.apple.product-type.application";
		};
/* End PBXNativeTarget section */

/* Begin PBXProject section */
		40C9D7BB20A1D141006F30FF /* Project object */ = {
			isa = PBXProject;
			attributes = {
				LastSwiftUpdateCheck = 0930;
				LastUpgradeCheck = 0930;
				ORGANIZATIONNAME = "Bastian Kohlbauer";
				TargetAttributes = {
					40C9D7C220A1D141006F30FF = {
						CreatedOnToolsVersion = 9.3;
					};
				};
			};
			buildConfigurationList = 40C9D7BE20A1D141006F30FF /* Build configuration list for PBXProject "CarBooking" */;
			compatibilityVersion = "Xcode 9.3";
			developmentRegion = en;
			hasScannedForEncodings = 0;
			knownRegions = (
				en,
				Base,
			);
			mainGroup = 40C9D7BA20A1D141006F30FF;
			productRefGroup = 40C9D7C420A1D141006F30FF /* Products */;
			projectDirPath = "";
			projectRoot = "";
			targets = (
				40C9D7C220A1D141006F30FF /* CarBooking */,
			);
		};
/* End PBXProject section */

/* Begin PBXResourcesBuildPhase section */
		40C9D7C120A1D141006F30FF /* Resources */ = {
			isa = PBXResourcesBuildPhase;
			buildActionMask = 2147483647;
			files = (
				40C9D7D420A1D141006F30FF /* LaunchScreen.storyboard in Resources */,
				40C9D7D120A1D141006F30FF /* Assets.xcassets in Resources */,
				40C9D7CC20A1D141006F30FF /* Main.storyboard in Resources */,
			);
			runOnlyForDeploymentPostprocessing = 0;
		};
/* End PBXResourcesBuildPhase section */

/* Begin PBXSourcesBuildPhase section */
		40C9D7BF20A1D141006F30FF /* Sources */ = {
			isa = PBXSourcesBuildPhase;
			buildActionMask = 2147483647;
			files = (
				40C9D7C920A1D141006F30FF /* ViewController.swift in Sources */,
				40C9D7CF20A1D141006F30FF /* CarBooking.xcdatamodeld in Sources */,
				40C9D7C720A1D141006F30FF /* AppDelegate.swift in Sources */,
			);
			runOnlyForDeploymentPostprocessing = 0;
		};
/* End PBXSourcesBuildPhase section */

/* Begin PBXVariantGroup section */
		40C9D7CA20A1D141006F30FF /* Main.storyboard */ = {
			isa = PBXVariantGroup;
			children = (
				40C9D7CB20A1D141006F30FF /* Base */,
			);
			name = Main.storyboard;
			sourceTree = "<group>";
		};
		40C9D7D220A1D141006F30FF /* LaunchScreen.storyboard */ = {
			isa = PBXVariantGroup;
			children = (
				40C9D7D320A1D141006F30FF /* Base */,
			);
			name = LaunchScreen.storyboard;
			sourceTree = "<group>";
		};
/* End PBXVariantGroup section */

/* Begin XCBuildConfiguration section */
		40C9D7D620A1D141006F30FF /* Debug */ = {
			isa = XCBuildConfiguration;
			buildSettings = {
				ALWAYS_SEARCH_USER_PATHS = NO;
				CLANG_ANALYZER_NONNULL = YES;
				CLANG_ANALYZER_NUMBER_OBJECT_CONVERSION = YES_AGGRESSIVE;
				CLANG_CXX_LANGUAGE_STANDARD = "gnu++14";
				CLANG_CXX_LIBRARY = "libc++";
				CLANG_ENABLE_MODULES = YES;
				CLANG_ENABLE_OBJC_ARC = YES;
				CLANG_ENABLE_OBJC_WEAK = YES;
				CLANG_WARN_BLOCK_CAPTURE_AUTORELEASING = YES;
				CLANG_WARN_BOOL_CONVERSION = YES;
				CLANG_WARN_COMMA = YES;
				CLANG_WARN_CONSTANT_CONVERSION = YES;
				CLANG_WARN_DEPRECATED_OBJC_IMPLEMENTATIONS = YES;
				CLANG_WARN_DIRECT_OBJC_ISA_USAGE = YES_ERROR;
				CLANG_WARN_DOCUMENTATION_COMMENTS = YES;
				CLANG_WARN_EMPTY_BODY = YES;
				CLANG_WARN_ENUM_CONVERSION = YES;
				CLANG_WARN_INFINITE_RECURSION = YES;
				CLANG_WARN_INT_CONVERSION = YES;
				CLANG_WARN_NON_LITERAL_NULL_CONVERSION = YES;
				CLANG_WARN_OBJC_IMPLICIT_RETAIN_SELF = YES;
				CLANG_WARN_OBJC_LITERAL_CONVERSION = YES;
				CLANG_WARN_OBJC_ROOT_CLASS = YES_ERROR;
				CLANG_WARN_RANGE_LOOP_ANALYSIS = YES;
				CLANG_WARN_STRICT_PROTOTYPES = YES;
				CLANG_WARN_SUSPICIOUS_MOVE = YES;
				CLANG_WARN_UNGUARDED_AVAILABILITY = YES_AGGRESSIVE;
				CLANG_WARN_UNREACHABLE_CODE = YES;
				CLANG_WARN__DUPLICATE_METHOD_MATCH = YES;
				CODE_SIGN_IDENTITY = "iPhone Developer";
				COPY_PHASE_STRIP = NO;
				DEBUG_INFORMATION_FORMAT = dwarf;
				ENABLE_STRICT_OBJC_MSGSEND = YES;
				ENABLE_TESTABILITY = YES;
				GCC_C_LANGUAGE_STANDARD = gnu11;
				GCC_DYNAMIC_NO_PIC = NO;
				GCC_NO_COMMON_BLOCKS = YES;
				GCC_OPTIMIZATION_LEVEL = 0;
				GCC_PREPROCESSOR_DEFINITIONS = (
					"DEBUG=1",
					"$(inherited)",
				);
				GCC_WARN_64_TO_32_BIT_CONVERSION = YES;
				GCC_WARN_ABOUT_RETURN_TYPE = YES_ERROR;
				GCC_WARN_UNDECLARED_SELECTOR = YES;
				GCC_WARN_UNINITIALIZED_AUTOS = YES_AGGRESSIVE;
				GCC_WARN_UNUSED_FUNCTION = YES;
				GCC_WARN_UNUSED_VARIABLE = YES;
				IPHONEOS_DEPLOYMENT_TARGET = 11.3;
				MTL_ENABLE_DEBUG_INFO = YES;
				ONLY_ACTIVE_ARCH = YES;
				SDKROOT = iphoneos;
				SWIFT_ACTIVE_COMPILATION_CONDITIONS = DEBUG;
				SWIFT_OPTIMIZATION_LEVEL = "-Onone";
			};
			name = Debug;
		};
		40C9D7D720A1D141006F30FF /* Release */ = {
			isa = XCBuildConfiguration;
			buildSettings = {
				ALWAYS_SEARCH_USER_PATHS = NO;
				CLANG_ANALYZER_NONNULL = YES;
				CLANG_ANALYZER_NUMBER_OBJECT_CONVERSION = YES_AGGRESSIVE;
				CLANG_CXX_LANGUAGE_STANDARD = "gnu++14";
				CLANG_CXX_LIBRARY = "libc++";
				CLANG_ENABLE_MODULES = YES;
				CLANG_ENABLE_OBJC_ARC = YES;
				CLANG_ENABLE_OBJC_WEAK = YES;
				CLANG_WARN_BLOCK_CAPTURE_AUTORELEASING = YES;
				CLANG_WARN_BOOL_CONVERSION = YES;
				CLANG_WARN_COMMA = YES;
				CLANG_WARN_CONSTANT_CONVERSION = YES;
				CLANG_WARN_DEPRECATED_OBJC_IMPLEMENTATIONS = YES;
				CLANG_WARN_DIRECT_OBJC_ISA_USAGE = YES_ERROR;
				CLANG_WARN_DOCUMENTATION_COMMENTS = YES;
				CLANG_WARN_EMPTY_BODY = YES;
				CLANG_WARN_ENUM_CONVERSION = YES;
				CLANG_WARN_INFINITE_RECURSION = YES;
				CLANG_WARN_INT_CONVERSION = YES;
				CLANG_WARN_NON_LITERAL_NULL_CONVERSION = YES;
				CLANG_WARN_OBJC_IMPLICIT_RETAIN_SELF = YES;
				CLANG_WARN_OBJC_LITERAL_CONVERSION = YES;
				CLANG_WARN_OBJC_ROOT_CLASS = YES_ERROR;
				CLANG_WARN_RANGE_LOOP_ANALYSIS = YES;
				CLANG_WARN_STRICT_PROTOTYPES = YES;
				CLANG_WARN_SUSPICIOUS_MOVE = YES;
				CLANG_WARN_UNGUARDED_AVAILABILITY = YES_AGGRESSIVE;
				CLANG_WARN_UNREACHABLE_CODE = YES;
				CLANG_WARN__DUPLICATE_METHOD_MATCH = YES;
				CODE_SIGN_IDENTITY = "iPhone Developer";
				COPY_PHASE_STRIP = NO;
				DEBUG_INFORMATION_FORMAT = "dwarf-with-dsym";
				ENABLE_NS_ASSERTIONS = NO;
				ENABLE_STRICT_OBJC_MSGSEND = YES;
				GCC_C_LANGUAGE_STANDARD = gnu11;
				GCC_NO_COMMON_BLOCKS = YES;
				GCC_WARN_64_TO_32_BIT_CONVERSION = YES;
				GCC_WARN_ABOUT_RETURN_TYPE = YES_ERROR;
				GCC_WARN_UNDECLARED_SELECTOR = YES;
				GCC_WARN_UNINITIALIZED_AUTOS = YES_AGGRESSIVE;
				GCC_WARN_UNUSED_FUNCTION = YES;
				GCC_WARN_UNUSED_VARIABLE = YES;
				IPHONEOS_DEPLOYMENT_TARGET = 11.3;
				MTL_ENABLE_DEBUG_INFO = NO;
				SDKROOT = iphoneos;
				SWIFT_COMPILATION_MODE = wholemodule;
				SWIFT_OPTIMIZATION_LEVEL = "-O";
				VALIDATE_PRODUCT = YES;
			};
			name = Release;
		};
		40C9D7D920A1D141006F30FF /* Debug */ = {
			isa = XCBuildConfiguration;
			buildSettings = {
				ASSETCATALOG_COMPILER_APPICON_NAME = AppIcon;
				CODE_SIGN_STYLE = Automatic;
				DEVELOPMENT_TEAM = R63H5582LG;
				INFOPLIST_FILE = CarBooking/Info.plist;
				LD_RUNPATH_SEARCH_PATHS = (
					"$(inherited)",
					"@executable_path/Frameworks",
				);
				PRODUCT_BUNDLE_IDENTIFIER = "com.Bastian-Kohlbauer.CarBooking";
				PRODUCT_NAME = "$(TARGET_NAME)";
				SWIFT_VERSION = 4.0;
				TARGETED_DEVICE_FAMILY = "1,2";
			};
			name = Debug;
		};
		40C9D7DA20A1D141006F30FF /* Release */ = {
			isa = XCBuildConfiguration;
			buildSettings = {
				ASSETCATALOG_COMPILER_APPICON_NAME = AppIcon;
				CODE_SIGN_STYLE = Automatic;
				DEVELOPMENT_TEAM = R63H5582LG;
				INFOPLIST_FILE = CarBooking/Info.plist;
				LD_RUNPATH_SEARCH_PATHS = (
					"$(inherited)",
					"@executable_path/Frameworks",
				);
				PRODUCT_BUNDLE_IDENTIFIER = "com.Bastian-Kohlbauer.CarBooking";
				PRODUCT_NAME = "$(TARGET_NAME)";
				SWIFT_VERSION = 4.0;
				TARGETED_DEVICE_FAMILY = "1,2";
			};
			name = Release;
		};
/* End XCBuildConfiguration section */

/* Begin XCConfigurationList section */
		40C9D7BE20A1D141006F30FF /* Build configuration list for PBXProject "CarBooking" */ = {
			isa = XCConfigurationList;
			buildConfigurations = (
				40C9D7D620A1D141006F30FF /* Debug */,
				40C9D7D720A1D141006F30FF /* Release */,
			);
			defaultConfigurationIsVisible = 0;
			defaultConfigurationName = Release;
		};
		40C9D7D820A1D141006F30FF /* Build configuration list for PBXNativeTarget "CarBooking" */ = {
			isa = XCConfigurationList;
			buildConfigurations = (
				40C9D7D920A1D141006F30FF /* Debug */,
				40C9D7DA20A1D141006F30FF /* Release */,
			);
			defaultConfigurationIsVisible = 0;
			defaultConfigurationName = Release;
		};
/* End XCConfigurationList section */

/* Begin XCVersionGroup section */
		40C9D7CD20A1D141006F30FF /* CarBooking.xcdatamodeld */ = {
			isa = XCVersionGroup;
			children = (
				40C9D7CE20A1D141006F30FF /* CarBooking.xcdatamodel */,
			);
			currentVersion = 40C9D7CE20A1D141006F30FF /* CarBooking.xcdatamodel */;
			path = CarBooking.xcdatamodeld;
			sourceTree = "<group>";
			versionGroupType = wrapper.xcdatamodel;
		};
/* End XCVersionGroup section */
	};
	rootObject = 40C9D7BB20A1D141006F30FF /* Project object */;
}
