// !$*UTF8*$!
{
	archiveVersion = 1;
	classes = {
	};
	objectVersion = 50;
	objects = {

/* Begin PBXBuildFile section */
		40333A1220B02E4F00EE0CC6 /* Booking.swift in Sources */ = {isa = PBXBuildFile; fileRef = 40333A1120B02E4F00EE0CC6 /* Booking.swift */; };
		40333A1420B03AA400EE0CC6 /* BookingCell.swift in Sources */ = {isa = PBXBuildFile; fileRef = 40333A1320B03AA300EE0CC6 /* BookingCell.swift */; };
		40B645DD20AFF14F001BC266 /* ContentCache.swift in Sources */ = {isa = PBXBuildFile; fileRef = 40B645DC20AFF14F001BC266 /* ContentCache.swift */; };
		40B645DF20AFF4F2001BC266 /* Constants.swift in Sources */ = {isa = PBXBuildFile; fileRef = 40B645DE20AFF4F2001BC266 /* Constants.swift */; };
		40B645E120B00100001BC266 /* NSManangedObject.swift in Sources */ = {isa = PBXBuildFile; fileRef = 40B645E020B00100001BC266 /* NSManangedObject.swift */; };
		40C9D7C720A1D141006F30FF /* AppDelegate.swift in Sources */ = {isa = PBXBuildFile; fileRef = 40C9D7C620A1D141006F30FF /* AppDelegate.swift */; };
		40C9D7CF20A1D141006F30FF /* CarBooking.xcdatamodeld in Sources */ = {isa = PBXBuildFile; fileRef = 40C9D7CD20A1D141006F30FF /* CarBooking.xcdatamodeld */; };
		40C9D7D120A1D141006F30FF /* Assets.xcassets in Resources */ = {isa = PBXBuildFile; fileRef = 40C9D7D020A1D141006F30FF /* Assets.xcassets */; };
		40C9D7D420A1D141006F30FF /* LaunchScreen.storyboard in Resources */ = {isa = PBXBuildFile; fileRef = 40C9D7D220A1D141006F30FF /* LaunchScreen.storyboard */; };
		40C9D7DD20A1D1AE006F30FF /* ViewController.swift in Sources */ = {isa = PBXBuildFile; fileRef = 40C9D7DC20A1D1AE006F30FF /* ViewController.swift */; };
		40C9D7E820A1D219006F30FF /* UIColorExtensions.swift in Sources */ = {isa = PBXBuildFile; fileRef = 40C9D7E720A1D219006F30FF /* UIColorExtensions.swift */; };
		40C9D80120A1DA93006F30FF /* Car.swift in Sources */ = {isa = PBXBuildFile; fileRef = 40C9D80020A1DA93006F30FF /* Car.swift */; };
		40C9D80920A1DEC5006F30FF /* PopupProvider.swift in Sources */ = {isa = PBXBuildFile; fileRef = 40C9D80820A1DEC5006F30FF /* PopupProvider.swift */; };
		40C9D80F20A1E10E006F30FF /* CarListViewController.swift in Sources */ = {isa = PBXBuildFile; fileRef = 40C9D80E20A1E10E006F30FF /* CarListViewController.swift */; };
		40C9D81120A1E123006F30FF /* CarDetailsViewController.swift in Sources */ = {isa = PBXBuildFile; fileRef = 40C9D81020A1E123006F30FF /* CarDetailsViewController.swift */; };
		40C9D81320A1E31E006F30FF /* CarCell.swift in Sources */ = {isa = PBXBuildFile; fileRef = 40C9D81220A1E31E006F30FF /* CarCell.swift */; };
		40C9D81720A1FBE5006F30FF /* RemoteProvider.swift in Sources */ = {isa = PBXBuildFile; fileRef = 40C9D81620A1FBE5006F30FF /* RemoteProvider.swift */; };
		40C9D81920A1FBF6006F30FF /* DatabaseProvider.swift in Sources */ = {isa = PBXBuildFile; fileRef = 40C9D81820A1FBF6006F30FF /* DatabaseProvider.swift */; };
		40C9D81B20A23D0C006F30FF /* ValueMapping.swift in Sources */ = {isa = PBXBuildFile; fileRef = 40C9D81A20A23D0C006F30FF /* ValueMapping.swift */; };
		40CC61A820B13D110023BB1A /* CarDescriptionCell.swift in Sources */ = {isa = PBXBuildFile; fileRef = 40CC61A720B13D110023BB1A /* CarDescriptionCell.swift */; };
/* End PBXBuildFile section */

/* Begin PBXFileReference section */
		40333A1120B02E4F00EE0CC6 /* Booking.swift */ = {isa = PBXFileReference; lastKnownFileType = sourcecode.swift; path = Booking.swift; sourceTree = "<group>"; };
		40333A1320B03AA300EE0CC6 /* BookingCell.swift */ = {isa = PBXFileReference; fileEncoding = 4; lastKnownFileType = sourcecode.swift; path = BookingCell.swift; sourceTree = "<group>"; };
		40B645DC20AFF14F001BC266 /* ContentCache.swift */ = {isa = PBXFileReference; lastKnownFileType = sourcecode.swift; path = ContentCache.swift; sourceTree = "<group>"; };
		40B645DE20AFF4F2001BC266 /* Constants.swift */ = {isa = PBXFileReference; lastKnownFileType = sourcecode.swift; path = Constants.swift; sourceTree = "<group>"; };
		40B645E020B00100001BC266 /* NSManangedObject.swift */ = {isa = PBXFileReference; lastKnownFileType = sourcecode.swift; path = NSManangedObject.swift; sourceTree = "<group>"; };
		40C9D7C320A1D141006F30FF /* CarBooking.app */ = {isa = PBXFileReference; explicitFileType = wrapper.application; includeInIndex = 0; path = CarBooking.app; sourceTree = BUILT_PRODUCTS_DIR; };
		40C9D7C620A1D141006F30FF /* AppDelegate.swift */ = {isa = PBXFileReference; lastKnownFileType = sourcecode.swift; path = AppDelegate.swift; sourceTree = "<group>"; };
		40C9D7CE20A1D141006F30FF /* CarBooking.xcdatamodel */ = {isa = PBXFileReference; lastKnownFileType = wrapper.xcdatamodel; path = CarBooking.xcdatamodel; sourceTree = "<group>"; };
		40C9D7D020A1D141006F30FF /* Assets.xcassets */ = {isa = PBXFileReference; lastKnownFileType = folder.assetcatalog; path = Assets.xcassets; sourceTree = "<group>"; };
		40C9D7D320A1D141006F30FF /* Base */ = {isa = PBXFileReference; lastKnownFileType = file.storyboard; name = Base; path = Base.lproj/LaunchScreen.storyboard; sourceTree = "<group>"; };
		40C9D7D520A1D141006F30FF /* Info.plist */ = {isa = PBXFileReference; lastKnownFileType = text.plist.xml; path = Info.plist; sourceTree = "<group>"; };
		40C9D7DC20A1D1AE006F30FF /* ViewController.swift */ = {isa = PBXFileReference; fileEncoding = 4; lastKnownFileType = sourcecode.swift; path = ViewController.swift; sourceTree = "<group>"; };
		40C9D7E720A1D219006F30FF /* UIColorExtensions.swift */ = {isa = PBXFileReference; lastKnownFileType = sourcecode.swift; path = UIColorExtensions.swift; sourceTree = "<group>"; };
		40C9D80020A1DA93006F30FF /* Car.swift */ = {isa = PBXFileReference; fileEncoding = 4; lastKnownFileType = sourcecode.swift; path = Car.swift; sourceTree = "<group>"; };
		40C9D80820A1DEC5006F30FF /* PopupProvider.swift */ = {isa = PBXFileReference; lastKnownFileType = sourcecode.swift; path = PopupProvider.swift; sourceTree = "<group>"; };
		40C9D80E20A1E10E006F30FF /* CarListViewController.swift */ = {isa = PBXFileReference; lastKnownFileType = sourcecode.swift; path = CarListViewController.swift; sourceTree = "<group>"; };
		40C9D81020A1E123006F30FF /* CarDetailsViewController.swift */ = {isa = PBXFileReference; lastKnownFileType = sourcecode.swift; path = CarDetailsViewController.swift; sourceTree = "<group>"; };
		40C9D81220A1E31E006F30FF /* CarCell.swift */ = {isa = PBXFileReference; lastKnownFileType = sourcecode.swift; path = CarCell.swift; sourceTree = "<group>"; };
		40C9D81620A1FBE5006F30FF /* RemoteProvider.swift */ = {isa = PBXFileReference; fileEncoding = 4; lastKnownFileType = sourcecode.swift; path = RemoteProvider.swift; sourceTree = "<group>"; };
		40C9D81820A1FBF6006F30FF /* DatabaseProvider.swift */ = {isa = PBXFileReference; lastKnownFileType = sourcecode.swift; path = DatabaseProvider.swift; sourceTree = "<group>"; };
		40C9D81A20A23D0C006F30FF /* ValueMapping.swift */ = {isa = PBXFileReference; lastKnownFileType = sourcecode.swift; path = ValueMapping.swift; sourceTree = "<group>"; };
		40CC61A720B13D110023BB1A /* CarDescriptionCell.swift */ = {isa = PBXFileReference; fileEncoding = 4; lastKnownFileType = sourcecode.swift; path = CarDescriptionCell.swift; sourceTree = "<group>"; };
/* End PBXFileReference section */

/* Begin PBXFrameworksBuildPhase section */
		40C9D7C020A1D141006F30FF /* Frameworks */ = {
			isa = PBXFrameworksBuildPhase;
			buildActionMask = 2147483647;
			files = (
			);
			runOnlyForDeploymentPostprocessing = 0;
		};
/* End PBXFrameworksBuildPhase section */

/* Begin PBXGroup section */
		40B645DB20AFF131001BC266 /* Content */ = {
			isa = PBXGroup;
			children = (
				40B645DC20AFF14F001BC266 /* ContentCache.swift */,
			);
			path = Content;
			sourceTree = "<group>";
		};
		40C9D7BA20A1D141006F30FF = {
			isa = PBXGroup;
			children = (
				40C9D7C520A1D141006F30FF /* CarBooking */,
				40C9D7C420A1D141006F30FF /* Products */,
			);
			sourceTree = "<group>";
		};
		40C9D7C420A1D141006F30FF /* Products */ = {
			isa = PBXGroup;
			children = (
				40C9D7C320A1D141006F30FF /* CarBooking.app */,
			);
			name = Products;
			sourceTree = "<group>";
		};
		40C9D7C520A1D141006F30FF /* CarBooking */ = {
			isa = PBXGroup;
			children = (
				40C9D80720A1DEB6006F30FF /* Helpers */,
				40C9D7E620A1D1FF006F30FF /* Extensions */,
				40C9D7DE20A1D1B9006F30FF /* Data */,
				40C9D7DB20A1D1AE006F30FF /* UI */,
				40C9D7C620A1D141006F30FF /* AppDelegate.swift */,
				40C9D7D020A1D141006F30FF /* Assets.xcassets */,
				40C9D7D220A1D141006F30FF /* LaunchScreen.storyboard */,
				40C9D7D520A1D141006F30FF /* Info.plist */,
				40C9D7CD20A1D141006F30FF /* CarBooking.xcdatamodeld */,
			);
			path = CarBooking;
			sourceTree = "<group>";
		};
		40C9D7DB20A1D1AE006F30FF /* UI */ = {
			isa = PBXGroup;
			children = (
				40C9D7DC20A1D1AE006F30FF /* ViewController.swift */,
				40C9D80E20A1E10E006F30FF /* CarListViewController.swift */,
				40C9D81020A1E123006F30FF /* CarDetailsViewController.swift */,
				40C9D81220A1E31E006F30FF /* CarCell.swift */,
				40333A1320B03AA300EE0CC6 /* BookingCell.swift */,
				40CC61A720B13D110023BB1A /* CarDescriptionCell.swift */,
			);
			path = UI;
			sourceTree = "<group>";
		};
		40C9D7DE20A1D1B9006F30FF /* Data */ = {
			isa = PBXGroup;
			children = (
				40B645DB20AFF131001BC266 /* Content */,
				40C9D81520A1FBD6006F30FF /* Services */,
				40C9D7E920A1D6F6006F30FF /* Models */,
			);
			path = Data;
			sourceTree = "<group>";
		};
		40C9D7E620A1D1FF006F30FF /* Extensions */ = {
			isa = PBXGroup;
			children = (
				40C9D7E720A1D219006F30FF /* UIColorExtensions.swift */,
				40B645E020B00100001BC266 /* NSManangedObject.swift */,
			);
			path = Extensions;
			sourceTree = "<group>";
		};
		40C9D7E920A1D6F6006F30FF /* Models */ = {
			isa = PBXGroup;
			children = (
				40C9D80020A1DA93006F30FF /* Car.swift */,
				40333A1120B02E4F00EE0CC6 /* Booking.swift */,
			);
			path = Models;
			sourceTree = "<group>";
		};
		40C9D80720A1DEB6006F30FF /* Helpers */ = {
			isa = PBXGroup;
			children = (
				40C9D80820A1DEC5006F30FF /* PopupProvider.swift */,
				40C9D81A20A23D0C006F30FF /* ValueMapping.swift */,
				40B645DE20AFF4F2001BC266 /* Constants.swift */,
			);
			path = Helpers;
			sourceTree = "<group>";
		};
		40C9D81520A1FBD6006F30FF /* Services */ = {
			isa = PBXGroup;
			children = (
				40C9D81620A1FBE5006F30FF /* RemoteProvider.swift */,
				40C9D81820A1FBF6006F30FF /* DatabaseProvider.swift */,
			);
			path = Services;
			sourceTree = "<group>";
		};
/* End PBXGroup section */

/* Begin PBXNativeTarget section */
		40C9D7C220A1D141006F30FF /* CarBooking */ = {
			isa = PBXNativeTarget;
			buildConfigurationList = 40C9D7D820A1D141006F30FF /* Build configuration list for PBXNativeTarget "CarBooking" */;
			buildPhases = (
				40C9D7BF20A1D141006F30FF /* Sources */,
				40C9D7C020A1D141006F30FF /* Frameworks */,
				40C9D7C120A1D141006F30FF /* Resources */,
			);
			buildRules = (
			);
			dependencies = (
			);
			name = CarBooking;
			productName = CarBooking;
			productReference = 40C9D7C320A1D141006F30FF /* CarBooking.app */;
			productType = "com.apple.product-type.application";
		};
/* End PBXNativeTarget section */

/* Begin PBXProject section */
		40C9D7BB20A1D141006F30FF /* Project object */ = {
			isa = PBXProject;
			attributes = {
				LastSwiftUpdateCheck = 0930;
				LastUpgradeCheck = 0930;
				ORGANIZATIONNAME = "Bastian Kohlbauer";
				TargetAttributes = {
					40C9D7C220A1D141006F30FF = {
						CreatedOnToolsVersion = 9.3;
					};
				};
			};
			buildConfigurationList = 40C9D7BE20A1D141006F30FF /* Build configuration list for PBXProject "CarBooking" */;
			compatibilityVersion = "Xcode 9.3";
			developmentRegion = en;
			hasScannedForEncodings = 0;
			knownRegions = (
				en,
				Base,
			);
			mainGroup = 40C9D7BA20A1D141006F30FF;
			productRefGroup = 40C9D7C420A1D141006F30FF /* Products */;
			projectDirPath = "";
			projectRoot = "";
			targets = (
				40C9D7C220A1D141006F30FF /* CarBooking */,
			);
		};
/* End PBXProject section */

/* Begin PBXResourcesBuildPhase section */
		40C9D7C120A1D141006F30FF /* Resources */ = {
			isa = PBXResourcesBuildPhase;
			buildActionMask = 2147483647;
			files = (
				40C9D7D420A1D141006F30FF /* LaunchScreen.storyboard in Resources */,
				40C9D7D120A1D141006F30FF /* Assets.xcassets in Resources */,
			);
			runOnlyForDeploymentPostprocessing = 0;
		};
/* End PBXResourcesBuildPhase section */

/* Begin PBXSourcesBuildPhase section */
		40C9D7BF20A1D141006F30FF /* Sources */ = {
			isa = PBXSourcesBuildPhase;
			buildActionMask = 2147483647;
			files = (
				40C9D7DD20A1D1AE006F30FF /* ViewController.swift in Sources */,
				40333A1220B02E4F00EE0CC6 /* Booking.swift in Sources */,
				40C9D7CF20A1D141006F30FF /* CarBooking.xcdatamodeld in Sources */,
				40C9D81120A1E123006F30FF /* CarDetailsViewController.swift in Sources */,
				40B645E120B00100001BC266 /* NSManangedObject.swift in Sources */,
				40C9D80120A1DA93006F30FF /* Car.swift in Sources */,
				40C9D7C720A1D141006F30FF /* AppDelegate.swift in Sources */,
				40333A1420B03AA400EE0CC6 /* BookingCell.swift in Sources */,
				40C9D80920A1DEC5006F30FF /* PopupProvider.swift in Sources */,
				40C9D81B20A23D0C006F30FF /* ValueMapping.swift in Sources */,
				40C9D81920A1FBF6006F30FF /* DatabaseProvider.swift in Sources */,
				40C9D7E820A1D219006F30FF /* UIColorExtensions.swift in Sources */,
				40B645DD20AFF14F001BC266 /* ContentCache.swift in Sources */,
				40C9D81320A1E31E006F30FF /* CarCell.swift in Sources */,
				40B645DF20AFF4F2001BC266 /* Constants.swift in Sources */,
				40C9D81720A1FBE5006F30FF /* RemoteProvider.swift in Sources */,
				40C9D80F20A1E10E006F30FF /* CarListViewController.swift in Sources */,
				40CC61A820B13D110023BB1A /* CarDescriptionCell.swift in Sources */,
			);
			runOnlyForDeploymentPostprocessing = 0;
		};
/* End PBXSourcesBuildPhase section */

/* Begin PBXVariantGroup section */
		40C9D7D220A1D141006F30FF /* LaunchScreen.storyboard */ = {
			isa = PBXVariantGroup;
			children = (
				40C9D7D320A1D141006F30FF /* Base */,
			);
			name = LaunchScreen.storyboard;
			sourceTree = "<group>";
		};
/* End PBXVariantGroup section */

/* Begin XCBuildConfiguration section */
		40C9D7D620A1D141006F30FF /* Debug */ = {
			isa = XCBuildConfiguration;
			buildSettings = {
				ALWAYS_SEARCH_USER_PATHS = NO;
				CLANG_ANALYZER_NONNULL = YES;
				CLANG_ANALYZER_NUMBER_OBJECT_CONVERSION = YES_AGGRESSIVE;
				CLANG_CXX_LANGUAGE_STANDARD = "gnu++14";
				CLANG_CXX_LIBRARY = "libc++";
				CLANG_ENABLE_MODULES = YES;
				CLANG_ENABLE_OBJC_ARC = YES;
				CLANG_ENABLE_OBJC_WEAK = YES;
				CLANG_WARN_BLOCK_CAPTURE_AUTORELEASING = YES;
				CLANG_WARN_BOOL_CONVERSION = YES;
				CLANG_WARN_COMMA = YES;
				CLANG_WARN_CONSTANT_CONVERSION = YES;
				CLANG_WARN_DEPRECATED_OBJC_IMPLEMENTATIONS = YES;
				CLANG_WARN_DIRECT_OBJC_ISA_USAGE = YES_ERROR;
				CLANG_WARN_DOCUMENTATION_COMMENTS = YES;
				CLANG_WARN_EMPTY_BODY = YES;
				CLANG_WARN_ENUM_CONVERSION = YES;
				CLANG_WARN_INFINITE_RECURSION = YES;
				CLANG_WARN_INT_CONVERSION = YES;
				CLANG_WARN_NON_LITERAL_NULL_CONVERSION = YES;
				CLANG_WARN_OBJC_IMPLICIT_RETAIN_SELF = YES;
				CLANG_WARN_OBJC_LITERAL_CONVERSION = YES;
				CLANG_WARN_OBJC_ROOT_CLASS = YES_ERROR;
				CLANG_WARN_RANGE_LOOP_ANALYSIS = YES;
				CLANG_WARN_STRICT_PROTOTYPES = YES;
				CLANG_WARN_SUSPICIOUS_MOVE = YES;
				CLANG_WARN_UNGUARDED_AVAILABILITY = YES_AGGRESSIVE;
				CLANG_WARN_UNREACHABLE_CODE = YES;
				CLANG_WARN__DUPLICATE_METHOD_MATCH = YES;
				CODE_SIGN_IDENTITY = "iPhone Developer";
				COPY_PHASE_STRIP = NO;
				DEBUG_INFORMATION_FORMAT = dwarf;
				ENABLE_STRICT_OBJC_MSGSEND = YES;
				ENABLE_TESTABILITY = YES;
				GCC_C_LANGUAGE_STANDARD = gnu11;
				GCC_DYNAMIC_NO_PIC = NO;
				GCC_NO_COMMON_BLOCKS = YES;
				GCC_OPTIMIZATION_LEVEL = 0;
				GCC_PREPROCESSOR_DEFINITIONS = (
					"DEBUG=1",
					"$(inherited)",
				);
				GCC_WARN_64_TO_32_BIT_CONVERSION = YES;
				GCC_WARN_ABOUT_RETURN_TYPE = YES_ERROR;
				GCC_WARN_UNDECLARED_SELECTOR = YES;
				GCC_WARN_UNINITIALIZED_AUTOS = YES_AGGRESSIVE;
				GCC_WARN_UNUSED_FUNCTION = YES;
				GCC_WARN_UNUSED_VARIABLE = YES;
				IPHONEOS_DEPLOYMENT_TARGET = 11.3;
				MTL_ENABLE_DEBUG_INFO = YES;
				ONLY_ACTIVE_ARCH = YES;
				SDKROOT = iphoneos;
				SWIFT_ACTIVE_COMPILATION_CONDITIONS = DEBUG;
				SWIFT_OPTIMIZATION_LEVEL = "-Onone";
			};
			name = Debug;
		};
		40C9D7D720A1D141006F30FF /* Release */ = {
			isa = XCBuildConfiguration;
			buildSettings = {
				ALWAYS_SEARCH_USER_PATHS = NO;
				CLANG_ANALYZER_NONNULL = YES;
				CLANG_ANALYZER_NUMBER_OBJECT_CONVERSION = YES_AGGRESSIVE;
				CLANG_CXX_LANGUAGE_STANDARD = "gnu++14";
				CLANG_CXX_LIBRARY = "libc++";
				CLANG_ENABLE_MODULES = YES;
				CLANG_ENABLE_OBJC_ARC = YES;
				CLANG_ENABLE_OBJC_WEAK = YES;
				CLANG_WARN_BLOCK_CAPTURE_AUTORELEASING = YES;
				CLANG_WARN_BOOL_CONVERSION = YES;
				CLANG_WARN_COMMA = YES;
				CLANG_WARN_CONSTANT_CONVERSION = YES;
				CLANG_WARN_DEPRECATED_OBJC_IMPLEMENTATIONS = YES;
				CLANG_WARN_DIRECT_OBJC_ISA_USAGE = YES_ERROR;
				CLANG_WARN_DOCUMENTATION_COMMENTS = YES;
				CLANG_WARN_EMPTY_BODY = YES;
				CLANG_WARN_ENUM_CONVERSION = YES;
				CLANG_WARN_INFINITE_RECURSION = YES;
				CLANG_WARN_INT_CONVERSION = YES;
				CLANG_WARN_NON_LITERAL_NULL_CONVERSION = YES;
				CLANG_WARN_OBJC_IMPLICIT_RETAIN_SELF = YES;
				CLANG_WARN_OBJC_LITERAL_CONVERSION = YES;
				CLANG_WARN_OBJC_ROOT_CLASS = YES_ERROR;
				CLANG_WARN_RANGE_LOOP_ANALYSIS = YES;
				CLANG_WARN_STRICT_PROTOTYPES = YES;
				CLANG_WARN_SUSPICIOUS_MOVE = YES;
				CLANG_WARN_UNGUARDED_AVAILABILITY = YES_AGGRESSIVE;
				CLANG_WARN_UNREACHABLE_CODE = YES;
				CLANG_WARN__DUPLICATE_METHOD_MATCH = YES;
				CODE_SIGN_IDENTITY = "iPhone Developer";
				COPY_PHASE_STRIP = NO;
				DEBUG_INFORMATION_FORMAT = "dwarf-with-dsym";
				ENABLE_NS_ASSERTIONS = NO;
				ENABLE_STRICT_OBJC_MSGSEND = YES;
				GCC_C_LANGUAGE_STANDARD = gnu11;
				GCC_NO_COMMON_BLOCKS = YES;
				GCC_WARN_64_TO_32_BIT_CONVERSION = YES;
				GCC_WARN_ABOUT_RETURN_TYPE = YES_ERROR;
				GCC_WARN_UNDECLARED_SELECTOR = YES;
				GCC_WARN_UNINITIALIZED_AUTOS = YES_AGGRESSIVE;
				GCC_WARN_UNUSED_FUNCTION = YES;
				GCC_WARN_UNUSED_VARIABLE = YES;
				IPHONEOS_DEPLOYMENT_TARGET = 11.3;
				MTL_ENABLE_DEBUG_INFO = NO;
				SDKROOT = iphoneos;
				SWIFT_COMPILATION_MODE = wholemodule;
				SWIFT_OPTIMIZATION_LEVEL = "-O";
				VALIDATE_PRODUCT = YES;
			};
			name = Release;
		};
		40C9D7D920A1D141006F30FF /* Debug */ = {
			isa = XCBuildConfiguration;
			buildSettings = {
				ASSETCATALOG_COMPILER_APPICON_NAME = AppIcon;
				CODE_SIGN_STYLE = Automatic;
				DEVELOPMENT_TEAM = R63H5582LG;
				INFOPLIST_FILE = CarBooking/Info.plist;
				IPHONEOS_DEPLOYMENT_TARGET = 10.0;
				LD_RUNPATH_SEARCH_PATHS = (
					"$(inherited)",
					"@executable_path/Frameworks",
				);
				PRODUCT_BUNDLE_IDENTIFIER = "com.Bastian-Kohlbauer.CarBooking";
				PRODUCT_NAME = "$(TARGET_NAME)";
				SWIFT_VERSION = 4.0;
				TARGETED_DEVICE_FAMILY = "1,2";
			};
			name = Debug;
		};
		40C9D7DA20A1D141006F30FF /* Release */ = {
			isa = XCBuildConfiguration;
			buildSettings = {
				ASSETCATALOG_COMPILER_APPICON_NAME = AppIcon;
				CODE_SIGN_STYLE = Automatic;
				DEVELOPMENT_TEAM = R63H5582LG;
				INFOPLIST_FILE = CarBooking/Info.plist;
				IPHONEOS_DEPLOYMENT_TARGET = 10.0;
				LD_RUNPATH_SEARCH_PATHS = (
					"$(inherited)",
					"@executable_path/Frameworks",
				);
				PRODUCT_BUNDLE_IDENTIFIER = "com.Bastian-Kohlbauer.CarBooking";
				PRODUCT_NAME = "$(TARGET_NAME)";
				SWIFT_VERSION = 4.0;
				TARGETED_DEVICE_FAMILY = "1,2";
			};
			name = Release;
		};
/* End XCBuildConfiguration section */

/* Begin XCConfigurationList section */
		40C9D7BE20A1D141006F30FF /* Build configuration list for PBXProject "CarBooking" */ = {
			isa = XCConfigurationList;
			buildConfigurations = (
				40C9D7D620A1D141006F30FF /* Debug */,
				40C9D7D720A1D141006F30FF /* Release */,
			);
			defaultConfigurationIsVisible = 0;
			defaultConfigurationName = Release;
		};
		40C9D7D820A1D141006F30FF /* Build configuration list for PBXNativeTarget "CarBooking" */ = {
			isa = XCConfigurationList;
			buildConfigurations = (
				40C9D7D920A1D141006F30FF /* Debug */,
				40C9D7DA20A1D141006F30FF /* Release */,
			);
			defaultConfigurationIsVisible = 0;
			defaultConfigurationName = Release;
		};
/* End XCConfigurationList section */

/* Begin XCVersionGroup section */
		40C9D7CD20A1D141006F30FF /* CarBooking.xcdatamodeld */ = {
			isa = XCVersionGroup;
			children = (
				40C9D7CE20A1D141006F30FF /* CarBooking.xcdatamodel */,
			);
			currentVersion = 40C9D7CE20A1D141006F30FF /* CarBooking.xcdatamodel */;
			path = CarBooking.xcdatamodeld;
			sourceTree = "<group>";
			versionGroupType = wrapper.xcdatamodel;
		};
/* End XCVersionGroup section */
	};
	rootObject = 40C9D7BB20A1D141006F30FF /* Project object */;
}
